// !$*UTF8*$!
{
	archiveVersion = 1;
	classes = {
	};
	objectVersion = 48;
	objects = {

/* Begin PBXBuildFile section */
		6570A1121FBE23770062E458 /* InstagramTests.m in Sources */ = {isa = PBXBuildFile; fileRef = 6570A1111FBE23770062E458 /* InstagramTests.m */; };
		6570A1161FC0F0CF0062E458 /* InstagramAuthViewController.m in Sources */ = {isa = PBXBuildFile; fileRef = 6570A1151FC0F0CF0062E458 /* InstagramAuthViewController.m */; };
		6570A11A1FC0FDC50062E458 /* Keychain.m in Sources */ = {isa = PBXBuildFile; fileRef = 6570A1191FC0FDC50062E458 /* Keychain.m */; };
		6570A11C1FC103150062E458 /* KeychainTests.m in Sources */ = {isa = PBXBuildFile; fileRef = 6570A11B1FC103150062E458 /* KeychainTests.m */; };
		6570A1201FC118E30062E458 /* CoreData.m in Sources */ = {isa = PBXBuildFile; fileRef = 6570A11F1FC118E30062E458 /* CoreData.m */; };
		6570A1231FC123D30062E458 /* Conversion.m in Sources */ = {isa = PBXBuildFile; fileRef = 6570A1221FC123D30062E458 /* Conversion.m */; };
		6570A1261FC136BD0062E458 /* InstagramCell.m in Sources */ = {isa = PBXBuildFile; fileRef = 6570A1251FC136BD0062E458 /* InstagramCell.m */; };
		6570A12A1FC13B060062E458 /* UIImageView+URL.m in Sources */ = {isa = PBXBuildFile; fileRef = 6570A1291FC13B060062E458 /* UIImageView+URL.m */; };
		65C578DF1FBE12C5009183E4 /* AppDelegate.m in Sources */ = {isa = PBXBuildFile; fileRef = 65C578DE1FBE12C5009183E4 /* AppDelegate.m */; };
		65C578E21FBE12C5009183E4 /* FeedViewController.m in Sources */ = {isa = PBXBuildFile; fileRef = 65C578E11FBE12C5009183E4 /* FeedViewController.m */; };
		65C578E51FBE12C5009183E4 /* Main.storyboard in Resources */ = {isa = PBXBuildFile; fileRef = 65C578E31FBE12C5009183E4 /* Main.storyboard */; };
		65C578E81FBE12C5009183E4 /* Instaham.xcdatamodeld in Sources */ = {isa = PBXBuildFile; fileRef = 65C578E61FBE12C5009183E4 /* Instaham.xcdatamodeld */; };
		65C578EA1FBE12C5009183E4 /* Assets.xcassets in Resources */ = {isa = PBXBuildFile; fileRef = 65C578E91FBE12C5009183E4 /* Assets.xcassets */; };
		65C578ED1FBE12C5009183E4 /* LaunchScreen.storyboard in Resources */ = {isa = PBXBuildFile; fileRef = 65C578EB1FBE12C5009183E4 /* LaunchScreen.storyboard */; };
		65C578F01FBE12C5009183E4 /* main.m in Sources */ = {isa = PBXBuildFile; fileRef = 65C578EF1FBE12C5009183E4 /* main.m */; };
		65C578FA1FBE12C5009183E4 /* InstahamTests.m in Sources */ = {isa = PBXBuildFile; fileRef = 65C578F91FBE12C5009183E4 /* InstahamTests.m */; };
		65C579051FBE12C5009183E4 /* InstahamUITests.m in Sources */ = {isa = PBXBuildFile; fileRef = 65C579041FBE12C5009183E4 /* InstahamUITests.m */; };
		65C5792E1FBE192F009183E4 /* Instagram.m in Sources */ = {isa = PBXBuildFile; fileRef = 65C5792D1FBE192F009183E4 /* Instagram.m */; };
		65E4B4A51FC1659E00AE9BB0 /* CommentViewController.m in Sources */ = {isa = PBXBuildFile; fileRef = 65E4B4A41FC1659E00AE9BB0 /* CommentViewController.m */; };
/* End PBXBuildFile section */

/* Begin PBXContainerItemProxy section */
		65C578F61FBE12C5009183E4 /* PBXContainerItemProxy */ = {
			isa = PBXContainerItemProxy;
			containerPortal = 65C578D21FBE12C5009183E4 /* Project object */;
			proxyType = 1;
			remoteGlobalIDString = 65C578D91FBE12C5009183E4;
			remoteInfo = Instaham;
		};
		65C579011FBE12C5009183E4 /* PBXContainerItemProxy */ = {
			isa = PBXContainerItemProxy;
			containerPortal = 65C578D21FBE12C5009183E4 /* Project object */;
			proxyType = 1;
			remoteGlobalIDString = 65C578D91FBE12C5009183E4;
			remoteInfo = Instaham;
		};
/* End PBXContainerItemProxy section */

/* Begin PBXFileReference section */
		65526F1D1FC1628300B9384D /* Sanity.h */ = {isa = PBXFileReference; lastKnownFileType = sourcecode.c.h; path = Sanity.h; sourceTree = "<group>"; };
		6570A1111FBE23770062E458 /* InstagramTests.m */ = {isa = PBXFileReference; lastKnownFileType = sourcecode.c.objc; path = InstagramTests.m; sourceTree = "<group>"; };
		6570A1141FC0F0CF0062E458 /* InstagramAuthViewController.h */ = {isa = PBXFileReference; lastKnownFileType = sourcecode.c.h; path = InstagramAuthViewController.h; sourceTree = "<group>"; };
		6570A1151FC0F0CF0062E458 /* InstagramAuthViewController.m */ = {isa = PBXFileReference; lastKnownFileType = sourcecode.c.objc; path = InstagramAuthViewController.m; sourceTree = "<group>"; };
		6570A1181FC0FDC50062E458 /* Keychain.h */ = {isa = PBXFileReference; lastKnownFileType = sourcecode.c.h; path = Keychain.h; sourceTree = "<group>"; };
		6570A1191FC0FDC50062E458 /* Keychain.m */ = {isa = PBXFileReference; lastKnownFileType = sourcecode.c.objc; path = Keychain.m; sourceTree = "<group>"; };
		6570A11B1FC103150062E458 /* KeychainTests.m */ = {isa = PBXFileReference; lastKnownFileType = sourcecode.c.objc; path = KeychainTests.m; sourceTree = "<group>"; };
		6570A11E1FC118E30062E458 /* CoreData.h */ = {isa = PBXFileReference; lastKnownFileType = sourcecode.c.h; path = CoreData.h; sourceTree = "<group>"; };
		6570A11F1FC118E30062E458 /* CoreData.m */ = {isa = PBXFileReference; lastKnownFileType = sourcecode.c.objc; path = CoreData.m; sourceTree = "<group>"; };
		6570A1211FC123D30062E458 /* Conversion.h */ = {isa = PBXFileReference; lastKnownFileType = sourcecode.c.h; path = Conversion.h; sourceTree = "<group>"; };
		6570A1221FC123D30062E458 /* Conversion.m */ = {isa = PBXFileReference; lastKnownFileType = sourcecode.c.objc; path = Conversion.m; sourceTree = "<group>"; };
		6570A1241FC136BD0062E458 /* InstagramCell.h */ = {isa = PBXFileReference; lastKnownFileType = sourcecode.c.h; path = InstagramCell.h; sourceTree = "<group>"; };
		6570A1251FC136BD0062E458 /* InstagramCell.m */ = {isa = PBXFileReference; lastKnownFileType = sourcecode.c.objc; path = InstagramCell.m; sourceTree = "<group>"; };
		6570A1281FC13B060062E458 /* UIImageView+URL.h */ = {isa = PBXFileReference; lastKnownFileType = sourcecode.c.h; path = "UIImageView+URL.h"; sourceTree = "<group>"; };
		6570A1291FC13B060062E458 /* UIImageView+URL.m */ = {isa = PBXFileReference; lastKnownFileType = sourcecode.c.objc; path = "UIImageView+URL.m"; sourceTree = "<group>"; };
		65C578DA1FBE12C5009183E4 /* Instaham.app */ = {isa = PBXFileReference; explicitFileType = wrapper.application; includeInIndex = 0; path = Instaham.app; sourceTree = BUILT_PRODUCTS_DIR; };
		65C578DD1FBE12C5009183E4 /* AppDelegate.h */ = {isa = PBXFileReference; lastKnownFileType = sourcecode.c.h; path = AppDelegate.h; sourceTree = "<group>"; };
		65C578DE1FBE12C5009183E4 /* AppDelegate.m */ = {isa = PBXFileReference; lastKnownFileType = sourcecode.c.objc; path = AppDelegate.m; sourceTree = "<group>"; };
		65C578E01FBE12C5009183E4 /* FeedViewController.h */ = {isa = PBXFileReference; lastKnownFileType = sourcecode.c.h; path = FeedViewController.h; sourceTree = "<group>"; };
		65C578E11FBE12C5009183E4 /* FeedViewController.m */ = {isa = PBXFileReference; lastKnownFileType = sourcecode.c.objc; path = FeedViewController.m; sourceTree = "<group>"; };
		65C578E41FBE12C5009183E4 /* Base */ = {isa = PBXFileReference; lastKnownFileType = file.storyboard; name = Base; path = Base.lproj/Main.storyboard; sourceTree = "<group>"; };
		65C578E71FBE12C5009183E4 /* Instaham.xcdatamodel */ = {isa = PBXFileReference; lastKnownFileType = wrapper.xcdatamodel; path = Instaham.xcdatamodel; sourceTree = "<group>"; };
		65C578E91FBE12C5009183E4 /* Assets.xcassets */ = {isa = PBXFileReference; lastKnownFileType = folder.assetcatalog; path = Assets.xcassets; sourceTree = "<group>"; };
		65C578EC1FBE12C5009183E4 /* Base */ = {isa = PBXFileReference; lastKnownFileType = file.storyboard; name = Base; path = Base.lproj/LaunchScreen.storyboard; sourceTree = "<group>"; };
		65C578EE1FBE12C5009183E4 /* Info.plist */ = {isa = PBXFileReference; lastKnownFileType = text.plist.xml; path = Info.plist; sourceTree = "<group>"; };
		65C578EF1FBE12C5009183E4 /* main.m */ = {isa = PBXFileReference; lastKnownFileType = sourcecode.c.objc; path = main.m; sourceTree = "<group>"; };
		65C578F51FBE12C5009183E4 /* InstahamTests.xctest */ = {isa = PBXFileReference; explicitFileType = wrapper.cfbundle; includeInIndex = 0; path = InstahamTests.xctest; sourceTree = BUILT_PRODUCTS_DIR; };
		65C578F91FBE12C5009183E4 /* InstahamTests.m */ = {isa = PBXFileReference; lastKnownFileType = sourcecode.c.objc; path = InstahamTests.m; sourceTree = "<group>"; };
		65C578FB1FBE12C5009183E4 /* Info.plist */ = {isa = PBXFileReference; lastKnownFileType = text.plist.xml; path = Info.plist; sourceTree = "<group>"; };
		65C579001FBE12C5009183E4 /* InstahamUITests.xctest */ = {isa = PBXFileReference; explicitFileType = wrapper.cfbundle; includeInIndex = 0; path = InstahamUITests.xctest; sourceTree = BUILT_PRODUCTS_DIR; };
		65C579041FBE12C5009183E4 /* InstahamUITests.m */ = {isa = PBXFileReference; lastKnownFileType = sourcecode.c.objc; path = InstahamUITests.m; sourceTree = "<group>"; };
		65C579061FBE12C5009183E4 /* Info.plist */ = {isa = PBXFileReference; lastKnownFileType = text.plist.xml; path = Info.plist; sourceTree = "<group>"; };
		65C5792C1FBE192F009183E4 /* Instagram.h */ = {isa = PBXFileReference; lastKnownFileType = sourcecode.c.h; path = Instagram.h; sourceTree = "<group>"; };
		65C5792D1FBE192F009183E4 /* Instagram.m */ = {isa = PBXFileReference; lastKnownFileType = sourcecode.c.objc; path = Instagram.m; sourceTree = "<group>"; };
		65E4B4A31FC1659E00AE9BB0 /* CommentViewController.h */ = {isa = PBXFileReference; lastKnownFileType = sourcecode.c.h; path = CommentViewController.h; sourceTree = "<group>"; };
		65E4B4A41FC1659E00AE9BB0 /* CommentViewController.m */ = {isa = PBXFileReference; lastKnownFileType = sourcecode.c.objc; path = CommentViewController.m; sourceTree = "<group>"; };
/* End PBXFileReference section */

/* Begin PBXFrameworksBuildPhase section */
		65C578D71FBE12C5009183E4 /* Frameworks */ = {
			isa = PBXFrameworksBuildPhase;
			buildActionMask = 2147483647;
			files = (
			);
			runOnlyForDeploymentPostprocessing = 0;
		};
		65C578F21FBE12C5009183E4 /* Frameworks */ = {
			isa = PBXFrameworksBuildPhase;
			buildActionMask = 2147483647;
			files = (
			);
			runOnlyForDeploymentPostprocessing = 0;
		};
		65C578FD1FBE12C5009183E4 /* Frameworks */ = {
			isa = PBXFrameworksBuildPhase;
			buildActionMask = 2147483647;
			files = (
			);
			runOnlyForDeploymentPostprocessing = 0;
		};
/* End PBXFrameworksBuildPhase section */

/* Begin PBXGroup section */
		6570A1171FC0FDAD0062E458 /* Keychain */ = {
			isa = PBXGroup;
			children = (
				6570A1181FC0FDC50062E458 /* Keychain.h */,
				6570A1191FC0FDC50062E458 /* Keychain.m */,
			);
			path = Keychain;
			sourceTree = "<group>";
		};
		6570A11D1FC117BC0062E458 /* Utilities */ = {
			isa = PBXGroup;
			children = (
				6570A11E1FC118E30062E458 /* CoreData.h */,
				6570A11F1FC118E30062E458 /* CoreData.m */,
				6570A1211FC123D30062E458 /* Conversion.h */,
				6570A1221FC123D30062E458 /* Conversion.m */,
				65526F1D1FC1628300B9384D /* Sanity.h */,
			);
			path = Utilities;
			sourceTree = "<group>";
		};
		6570A1271FC13AE30062E458 /* Controls */ = {
			isa = PBXGroup;
			children = (
				6570A1281FC13B060062E458 /* UIImageView+URL.h */,
				6570A1291FC13B060062E458 /* UIImageView+URL.m */,
			);
			path = Controls;
			sourceTree = "<group>";
		};
		65C578D11FBE12C5009183E4 = {
			isa = PBXGroup;
			children = (
				65C578DC1FBE12C5009183E4 /* Instaham */,
				65C578F81FBE12C5009183E4 /* InstahamTests */,
				65C579031FBE12C5009183E4 /* InstahamUITests */,
				65C578DB1FBE12C5009183E4 /* Products */,
			);
			sourceTree = "<group>";
		};
		65C578DB1FBE12C5009183E4 /* Products */ = {
			isa = PBXGroup;
			children = (
				65C578DA1FBE12C5009183E4 /* Instaham.app */,
				65C578F51FBE12C5009183E4 /* InstahamTests.xctest */,
				65C579001FBE12C5009183E4 /* InstahamUITests.xctest */,
			);
			name = Products;
			sourceTree = "<group>";
		};
		65C578DC1FBE12C5009183E4 /* Instaham */ = {
			isa = PBXGroup;
			children = (
				6570A1271FC13AE30062E458 /* Controls */,
				6570A11D1FC117BC0062E458 /* Utilities */,
				6570A1171FC0FDAD0062E458 /* Keychain */,
				65C5792B1FBE190D009183E4 /* Networking */,
				65C578DD1FBE12C5009183E4 /* AppDelegate.h */,
				65C578DE1FBE12C5009183E4 /* AppDelegate.m */,
				65C578E01FBE12C5009183E4 /* FeedViewController.h */,
				65C578E11FBE12C5009183E4 /* FeedViewController.m */,
				65E4B4A31FC1659E00AE9BB0 /* CommentViewController.h */,
				65E4B4A41FC1659E00AE9BB0 /* CommentViewController.m */,
				6570A1241FC136BD0062E458 /* InstagramCell.h */,
				6570A1251FC136BD0062E458 /* InstagramCell.m */,
				65C578E31FBE12C5009183E4 /* Main.storyboard */,
				65C578E91FBE12C5009183E4 /* Assets.xcassets */,
				65C578EB1FBE12C5009183E4 /* LaunchScreen.storyboard */,
				65C578EE1FBE12C5009183E4 /* Info.plist */,
				65C578EF1FBE12C5009183E4 /* main.m */,
				65C578E61FBE12C5009183E4 /* Instaham.xcdatamodeld */,
			);
			path = Instaham;
			sourceTree = "<group>";
		};
		65C578F81FBE12C5009183E4 /* InstahamTests */ = {
			isa = PBXGroup;
			children = (
				65C578F91FBE12C5009183E4 /* InstahamTests.m */,
				6570A1111FBE23770062E458 /* InstagramTests.m */,
				6570A11B1FC103150062E458 /* KeychainTests.m */,
				65C578FB1FBE12C5009183E4 /* Info.plist */,
			);
			path = InstahamTests;
			sourceTree = "<group>";
		};
		65C579031FBE12C5009183E4 /* InstahamUITests */ = {
			isa = PBXGroup;
			children = (
				65C579041FBE12C5009183E4 /* InstahamUITests.m */,
				65C579061FBE12C5009183E4 /* Info.plist */,
			);
			path = InstahamUITests;
			sourceTree = "<group>";
		};
		65C5792B1FBE190D009183E4 /* Networking */ = {
			isa = PBXGroup;
			children = (
				65C5792C1FBE192F009183E4 /* Instagram.h */,
				65C5792D1FBE192F009183E4 /* Instagram.m */,
				6570A1141FC0F0CF0062E458 /* InstagramAuthViewController.h */,
				6570A1151FC0F0CF0062E458 /* InstagramAuthViewController.m */,
			);
			path = Networking;
			sourceTree = "<group>";
		};
/* End PBXGroup section */

/* Begin PBXNativeTarget section */
		65C578D91FBE12C5009183E4 /* Instaham */ = {
			isa = PBXNativeTarget;
			buildConfigurationList = 65C579091FBE12C5009183E4 /* Build configuration list for PBXNativeTarget "Instaham" */;
			buildPhases = (
				65C578D61FBE12C5009183E4 /* Sources */,
				65C578D71FBE12C5009183E4 /* Frameworks */,
				65C578D81FBE12C5009183E4 /* Resources */,
			);
			buildRules = (
			);
			dependencies = (
			);
			name = Instaham;
			productName = Instaham;
			productReference = 65C578DA1FBE12C5009183E4 /* Instaham.app */;
			productType = "com.apple.product-type.application";
		};
		65C578F41FBE12C5009183E4 /* InstahamTests */ = {
			isa = PBXNativeTarget;
			buildConfigurationList = 65C5790C1FBE12C5009183E4 /* Build configuration list for PBXNativeTarget "InstahamTests" */;
			buildPhases = (
				65C578F11FBE12C5009183E4 /* Sources */,
				65C578F21FBE12C5009183E4 /* Frameworks */,
				65C578F31FBE12C5009183E4 /* Resources */,
			);
			buildRules = (
			);
			dependencies = (
				65C578F71FBE12C5009183E4 /* PBXTargetDependency */,
			);
			name = InstahamTests;
			productName = InstahamTests;
			productReference = 65C578F51FBE12C5009183E4 /* InstahamTests.xctest */;
			productType = "com.apple.product-type.bundle.unit-test";
		};
		65C578FF1FBE12C5009183E4 /* InstahamUITests */ = {
			isa = PBXNativeTarget;
			buildConfigurationList = 65C5790F1FBE12C5009183E4 /* Build configuration list for PBXNativeTarget "InstahamUITests" */;
			buildPhases = (
				65C578FC1FBE12C5009183E4 /* Sources */,
				65C578FD1FBE12C5009183E4 /* Frameworks */,
				65C578FE1FBE12C5009183E4 /* Resources */,
			);
			buildRules = (
			);
			dependencies = (
				65C579021FBE12C5009183E4 /* PBXTargetDependency */,
			);
			name = InstahamUITests;
			productName = InstahamUITests;
			productReference = 65C579001FBE12C5009183E4 /* InstahamUITests.xctest */;
			productType = "com.apple.product-type.bundle.ui-testing";
		};
/* End PBXNativeTarget section */

/* Begin PBXProject section */
		65C578D21FBE12C5009183E4 /* Project object */ = {
			isa = PBXProject;
			attributes = {
				LastUpgradeCheck = 0910;
				ORGANIZATIONNAME = Hammy;
				TargetAttributes = {
					65C578D91FBE12C5009183E4 = {
						CreatedOnToolsVersion = 9.1;
						ProvisioningStyle = Automatic;
					};
					65C578F41FBE12C5009183E4 = {
						CreatedOnToolsVersion = 9.1;
						ProvisioningStyle = Automatic;
						TestTargetID = 65C578D91FBE12C5009183E4;
					};
					65C578FF1FBE12C5009183E4 = {
						CreatedOnToolsVersion = 9.1;
						ProvisioningStyle = Automatic;
						TestTargetID = 65C578D91FBE12C5009183E4;
					};
				};
			};
			buildConfigurationList = 65C578D51FBE12C5009183E4 /* Build configuration list for PBXProject "Instaham" */;
			compatibilityVersion = "Xcode 8.0";
			developmentRegion = en;
			hasScannedForEncodings = 0;
			knownRegions = (
				en,
				Base,
			);
			mainGroup = 65C578D11FBE12C5009183E4;
			productRefGroup = 65C578DB1FBE12C5009183E4 /* Products */;
			projectDirPath = "";
			projectRoot = "";
			targets = (
				65C578D91FBE12C5009183E4 /* Instaham */,
				65C578F41FBE12C5009183E4 /* InstahamTests */,
				65C578FF1FBE12C5009183E4 /* InstahamUITests */,
			);
		};
/* End PBXProject section */

/* Begin PBXResourcesBuildPhase section */
		65C578D81FBE12C5009183E4 /* Resources */ = {
			isa = PBXResourcesBuildPhase;
			buildActionMask = 2147483647;
			files = (
				65C578ED1FBE12C5009183E4 /* LaunchScreen.storyboard in Resources */,
				65C578EA1FBE12C5009183E4 /* Assets.xcassets in Resources */,
				65C578E51FBE12C5009183E4 /* Main.storyboard in Resources */,
			);
			runOnlyForDeploymentPostprocessing = 0;
		};
		65C578F31FBE12C5009183E4 /* Resources */ = {
			isa = PBXResourcesBuildPhase;
			buildActionMask = 2147483647;
			files = (
			);
			runOnlyForDeploymentPostprocessing = 0;
		};
		65C578FE1FBE12C5009183E4 /* Resources */ = {
			isa = PBXResourcesBuildPhase;
			buildActionMask = 2147483647;
			files = (
			);
			runOnlyForDeploymentPostprocessing = 0;
		};
/* End PBXResourcesBuildPhase section */

/* Begin PBXSourcesBuildPhase section */
		65C578D61FBE12C5009183E4 /* Sources */ = {
			isa = PBXSourcesBuildPhase;
			buildActionMask = 2147483647;
			files = (
				65E4B4A51FC1659E00AE9BB0 /* CommentViewController.m in Sources */,
				6570A12A1FC13B060062E458 /* UIImageView+URL.m in Sources */,
				65C578E81FBE12C5009183E4 /* Instaham.xcdatamodeld in Sources */,
				6570A11A1FC0FDC50062E458 /* Keychain.m in Sources */,
				6570A1261FC136BD0062E458 /* InstagramCell.m in Sources */,
				65C578E21FBE12C5009183E4 /* FeedViewController.m in Sources */,
				6570A1231FC123D30062E458 /* Conversion.m in Sources */,
				65C578F01FBE12C5009183E4 /* main.m in Sources */,
				6570A1161FC0F0CF0062E458 /* InstagramAuthViewController.m in Sources */,
				65C578DF1FBE12C5009183E4 /* AppDelegate.m in Sources */,
				6570A1201FC118E30062E458 /* CoreData.m in Sources */,
				65C5792E1FBE192F009183E4 /* Instagram.m in Sources */,
			);
			runOnlyForDeploymentPostprocessing = 0;
		};
		65C578F11FBE12C5009183E4 /* Sources */ = {
			isa = PBXSourcesBuildPhase;
			buildActionMask = 2147483647;
			files = (
				6570A1121FBE23770062E458 /* InstagramTests.m in Sources */,
				6570A11C1FC103150062E458 /* KeychainTests.m in Sources */,
				65C578FA1FBE12C5009183E4 /* InstahamTests.m in Sources */,
			);
			runOnlyForDeploymentPostprocessing = 0;
		};
		65C578FC1FBE12C5009183E4 /* Sources */ = {
			isa = PBXSourcesBuildPhase;
			buildActionMask = 2147483647;
			files = (
				65C579051FBE12C5009183E4 /* InstahamUITests.m in Sources */,
			);
			runOnlyForDeploymentPostprocessing = 0;
		};
/* End PBXSourcesBuildPhase section */

/* Begin PBXTargetDependency section */
		65C578F71FBE12C5009183E4 /* PBXTargetDependency */ = {
			isa = PBXTargetDependency;
			target = 65C578D91FBE12C5009183E4 /* Instaham */;
			targetProxy = 65C578F61FBE12C5009183E4 /* PBXContainerItemProxy */;
		};
		65C579021FBE12C5009183E4 /* PBXTargetDependency */ = {
			isa = PBXTargetDependency;
			target = 65C578D91FBE12C5009183E4 /* Instaham */;
			targetProxy = 65C579011FBE12C5009183E4 /* PBXContainerItemProxy */;
		};
/* End PBXTargetDependency section */

/* Begin PBXVariantGroup section */
		65C578E31FBE12C5009183E4 /* Main.storyboard */ = {
			isa = PBXVariantGroup;
			children = (
				65C578E41FBE12C5009183E4 /* Base */,
			);
			name = Main.storyboard;
			sourceTree = "<group>";
		};
		65C578EB1FBE12C5009183E4 /* LaunchScreen.storyboard */ = {
			isa = PBXVariantGroup;
			children = (
				65C578EC1FBE12C5009183E4 /* Base */,
			);
			name = LaunchScreen.storyboard;
			sourceTree = "<group>";
		};
/* End PBXVariantGroup section */

/* Begin XCBuildConfiguration section */
		65C579071FBE12C5009183E4 /* Debug */ = {
			isa = XCBuildConfiguration;
			buildSettings = {
				ALWAYS_SEARCH_USER_PATHS = NO;
				CLANG_ANALYZER_NONNULL = YES;
				CLANG_ANALYZER_NUMBER_OBJECT_CONVERSION = YES_AGGRESSIVE;
				CLANG_CXX_LANGUAGE_STANDARD = "gnu++14";
				CLANG_CXX_LIBRARY = "libc++";
				CLANG_ENABLE_MODULES = YES;
				CLANG_ENABLE_OBJC_ARC = YES;
				CLANG_WARN_BLOCK_CAPTURE_AUTORELEASING = YES;
				CLANG_WARN_BOOL_CONVERSION = YES;
				CLANG_WARN_COMMA = YES;
				CLANG_WARN_CONSTANT_CONVERSION = YES;
				CLANG_WARN_DIRECT_OBJC_ISA_USAGE = YES_ERROR;
				CLANG_WARN_DOCUMENTATION_COMMENTS = YES;
				CLANG_WARN_EMPTY_BODY = YES;
				CLANG_WARN_ENUM_CONVERSION = YES;
				CLANG_WARN_INFINITE_RECURSION = YES;
				CLANG_WARN_INT_CONVERSION = YES;
				CLANG_WARN_NON_LITERAL_NULL_CONVERSION = YES;
				CLANG_WARN_OBJC_LITERAL_CONVERSION = YES;
				CLANG_WARN_OBJC_ROOT_CLASS = YES_ERROR;
				CLANG_WARN_RANGE_LOOP_ANALYSIS = YES;
				CLANG_WARN_STRICT_PROTOTYPES = YES;
				CLANG_WARN_SUSPICIOUS_MOVE = YES;
				CLANG_WARN_UNGUARDED_AVAILABILITY = YES_AGGRESSIVE;
				CLANG_WARN_UNREACHABLE_CODE = YES;
				CLANG_WARN__DUPLICATE_METHOD_MATCH = YES;
				CODE_SIGN_IDENTITY = "iPhone Developer";
				COPY_PHASE_STRIP = NO;
				DEBUG_INFORMATION_FORMAT = dwarf;
				ENABLE_STRICT_OBJC_MSGSEND = YES;
				ENABLE_TESTABILITY = YES;
				GCC_C_LANGUAGE_STANDARD = gnu11;
				GCC_DYNAMIC_NO_PIC = NO;
				GCC_NO_COMMON_BLOCKS = YES;
				GCC_OPTIMIZATION_LEVEL = 0;
				GCC_PREPROCESSOR_DEFINITIONS = (
					"DEBUG=1",
					"$(inherited)",
				);
				GCC_WARN_64_TO_32_BIT_CONVERSION = YES;
				GCC_WARN_ABOUT_RETURN_TYPE = YES_ERROR;
				GCC_WARN_UNDECLARED_SELECTOR = YES;
				GCC_WARN_UNINITIALIZED_AUTOS = YES_AGGRESSIVE;
				GCC_WARN_UNUSED_FUNCTION = YES;
				GCC_WARN_UNUSED_VARIABLE = YES;
				IPHONEOS_DEPLOYMENT_TARGET = 10.0;
				MTL_ENABLE_DEBUG_INFO = YES;
				ONLY_ACTIVE_ARCH = YES;
				SDKROOT = iphoneos;
			};
			name = Debug;
		};
		65C579081FBE12C5009183E4 /* Release */ = {
			isa = XCBuildConfiguration;
			buildSettings = {
				ALWAYS_SEARCH_USER_PATHS = NO;
				CLANG_ANALYZER_NONNULL = YES;
				CLANG_ANALYZER_NUMBER_OBJECT_CONVERSION = YES_AGGRESSIVE;
				CLANG_CXX_LANGUAGE_STANDARD = "gnu++14";
				CLANG_CXX_LIBRARY = "libc++";
				CLANG_ENABLE_MODULES = YES;
				CLANG_ENABLE_OBJC_ARC = YES;
				CLANG_WARN_BLOCK_CAPTURE_AUTORELEASING = YES;
				CLANG_WARN_BOOL_CONVERSION = YES;
				CLANG_WARN_COMMA = YES;
				CLANG_WARN_CONSTANT_CONVERSION = YES;
				CLANG_WARN_DIRECT_OBJC_ISA_USAGE = YES_ERROR;
				CLANG_WARN_DOCUMENTATION_COMMENTS = YES;
				CLANG_WARN_EMPTY_BODY = YES;
				CLANG_WARN_ENUM_CONVERSION = YES;
				CLANG_WARN_INFINITE_RECURSION = YES;
				CLANG_WARN_INT_CONVERSION = YES;
				CLANG_WARN_NON_LITERAL_NULL_CONVERSION = YES;
				CLANG_WARN_OBJC_LITERAL_CONVERSION = YES;
				CLANG_WARN_OBJC_ROOT_CLASS = YES_ERROR;
				CLANG_WARN_RANGE_LOOP_ANALYSIS = YES;
				CLANG_WARN_STRICT_PROTOTYPES = YES;
				CLANG_WARN_SUSPICIOUS_MOVE = YES;
				CLANG_WARN_UNGUARDED_AVAILABILITY = YES_AGGRESSIVE;
				CLANG_WARN_UNREACHABLE_CODE = YES;
				CLANG_WARN__DUPLICATE_METHOD_MATCH = YES;
				CODE_SIGN_IDENTITY = "iPhone Developer";
				COPY_PHASE_STRIP = NO;
				DEBUG_INFORMATION_FORMAT = "dwarf-with-dsym";
				ENABLE_NS_ASSERTIONS = NO;
				ENABLE_STRICT_OBJC_MSGSEND = YES;
				GCC_C_LANGUAGE_STANDARD = gnu11;
				GCC_NO_COMMON_BLOCKS = YES;
				GCC_WARN_64_TO_32_BIT_CONVERSION = YES;
				GCC_WARN_ABOUT_RETURN_TYPE = YES_ERROR;
				GCC_WARN_UNDECLARED_SELECTOR = YES;
				GCC_WARN_UNINITIALIZED_AUTOS = YES_AGGRESSIVE;
				GCC_WARN_UNUSED_FUNCTION = YES;
				GCC_WARN_UNUSED_VARIABLE = YES;
				IPHONEOS_DEPLOYMENT_TARGET = 10.0;
				MTL_ENABLE_DEBUG_INFO = NO;
				SDKROOT = iphoneos;
				VALIDATE_PRODUCT = YES;
			};
			name = Release;
		};
		65C5790A1FBE12C5009183E4 /* Debug */ = {
			isa = XCBuildConfiguration;
			buildSettings = {
				ASSETCATALOG_COMPILER_APPICON_NAME = AppIcon;
				CODE_SIGN_STYLE = Automatic;
				GCC_TREAT_WARNINGS_AS_ERRORS = YES;
				INFOPLIST_FILE = Instaham/Info.plist;
				LD_RUNPATH_SEARCH_PATHS = "$(inherited) @executable_path/Frameworks";
				PRODUCT_BUNDLE_IDENTIFIER = com.hammy.Instaham;
				PRODUCT_NAME = "$(TARGET_NAME)";
				TARGETED_DEVICE_FAMILY = "1,2";
			};
			name = Debug;
		};
		65C5790B1FBE12C5009183E4 /* Release */ = {
			isa = XCBuildConfiguration;
			buildSettings = {
				ASSETCATALOG_COMPILER_APPICON_NAME = AppIcon;
				CODE_SIGN_STYLE = Automatic;
				GCC_TREAT_WARNINGS_AS_ERRORS = YES;
				INFOPLIST_FILE = Instaham/Info.plist;
				LD_RUNPATH_SEARCH_PATHS = "$(inherited) @executable_path/Frameworks";
				PRODUCT_BUNDLE_IDENTIFIER = com.hammy.Instaham;
				PRODUCT_NAME = "$(TARGET_NAME)";
				TARGETED_DEVICE_FAMILY = "1,2";
			};
			name = Release;
		};
		65C5790D1FBE12C5009183E4 /* Debug */ = {
			isa = XCBuildConfiguration;
			buildSettings = {
				BUNDLE_LOADER = "$(TEST_HOST)";
				CODE_SIGN_STYLE = Automatic;
				GCC_TREAT_WARNINGS_AS_ERRORS = YES;
				INFOPLIST_FILE = InstahamTests/Info.plist;
				LD_RUNPATH_SEARCH_PATHS = "$(inherited) @executable_path/Frameworks @loader_path/Frameworks";
				PRODUCT_BUNDLE_IDENTIFIER = com.hammy.InstahamTests;
				PRODUCT_NAME = "$(TARGET_NAME)";
				TARGETED_DEVICE_FAMILY = "1,2";
				TEST_HOST = "$(BUILT_PRODUCTS_DIR)/Instaham.app/Instaham";
			};
			name = Debug;
		};
		65C5790E1FBE12C5009183E4 /* Release */ = {
			isa = XCBuildConfiguration;
			buildSettings = {
				BUNDLE_LOADER = "$(TEST_HOST)";
				CODE_SIGN_STYLE = Automatic;
				GCC_TREAT_WARNINGS_AS_ERRORS = YES;
				INFOPLIST_FILE = InstahamTests/Info.plist;
				LD_RUNPATH_SEARCH_PATHS = "$(inherited) @executable_path/Frameworks @loader_path/Frameworks";
				PRODUCT_BUNDLE_IDENTIFIER = com.hammy.InstahamTests;
				PRODUCT_NAME = "$(TARGET_NAME)";
				TARGETED_DEVICE_FAMILY = "1,2";
				TEST_HOST = "$(BUILT_PRODUCTS_DIR)/Instaham.app/Instaham";
			};
			name = Release;
		};
		65C579101FBE12C5009183E4 /* Debug */ = {
			isa = XCBuildConfiguration;
			buildSettings = {
				CODE_SIGN_STYLE = Automatic;
				GCC_TREAT_WARNINGS_AS_ERRORS = YES;
				INFOPLIST_FILE = InstahamUITests/Info.plist;
				LD_RUNPATH_SEARCH_PATHS = "$(inherited) @executable_path/Frameworks @loader_path/Frameworks";
				PRODUCT_BUNDLE_IDENTIFIER = com.hammy.InstahamUITests;
				PRODUCT_NAME = "$(TARGET_NAME)";
				TARGETED_DEVICE_FAMILY = "1,2";
				TEST_TARGET_NAME = Instaham;
			};
			name = Debug;
		};
		65C579111FBE12C5009183E4 /* Release */ = {
			isa = XCBuildConfiguration;
			buildSettings = {
				CODE_SIGN_STYLE = Automatic;
				GCC_TREAT_WARNINGS_AS_ERRORS = YES;
				INFOPLIST_FILE = InstahamUITests/Info.plist;
				LD_RUNPATH_SEARCH_PATHS = "$(inherited) @executable_path/Frameworks @loader_path/Frameworks";
				PRODUCT_BUNDLE_IDENTIFIER = com.hammy.InstahamUITests;
				PRODUCT_NAME = "$(TARGET_NAME)";
				TARGETED_DEVICE_FAMILY = "1,2";
				TEST_TARGET_NAME = Instaham;
			};
			name = Release;
		};
/* End XCBuildConfiguration section */

/* Begin XCConfigurationList section */
		65C578D51FBE12C5009183E4 /* Build configuration list for PBXProject "Instaham" */ = {
			isa = XCConfigurationList;
			buildConfigurations = (
				65C579071FBE12C5009183E4 /* Debug */,
				65C579081FBE12C5009183E4 /* Release */,
			);
			defaultConfigurationIsVisible = 0;
			defaultConfigurationName = Release;
		};
		65C579091FBE12C5009183E4 /* Build configuration list for PBXNativeTarget "Instaham" */ = {
			isa = XCConfigurationList;
			buildConfigurations = (
				65C5790A1FBE12C5009183E4 /* Debug */,
				65C5790B1FBE12C5009183E4 /* Release */,
			);
			defaultConfigurationIsVisible = 0;
			defaultConfigurationName = Release;
		};
		65C5790C1FBE12C5009183E4 /* Build configuration list for PBXNativeTarget "InstahamTests" */ = {
			isa = XCConfigurationList;
			buildConfigurations = (
				65C5790D1FBE12C5009183E4 /* Debug */,
				65C5790E1FBE12C5009183E4 /* Release */,
			);
			defaultConfigurationIsVisible = 0;
			defaultConfigurationName = Release;
		};
		65C5790F1FBE12C5009183E4 /* Build configuration list for PBXNativeTarget "InstahamUITests" */ = {
			isa = XCConfigurationList;
			buildConfigurations = (
				65C579101FBE12C5009183E4 /* Debug */,
				65C579111FBE12C5009183E4 /* Release */,
			);
			defaultConfigurationIsVisible = 0;
			defaultConfigurationName = Release;
		};
/* End XCConfigurationList section */

/* Begin XCVersionGroup section */
		65C578E61FBE12C5009183E4 /* Instaham.xcdatamodeld */ = {
			isa = XCVersionGroup;
			children = (
				65C578E71FBE12C5009183E4 /* Instaham.xcdatamodel */,
			);
			currentVersion = 65C578E71FBE12C5009183E4 /* Instaham.xcdatamodel */;
			path = Instaham.xcdatamodeld;
			sourceTree = "<group>";
			versionGroupType = wrapper.xcdatamodel;
		};
/* End XCVersionGroup section */
	};
	rootObject = 65C578D21FBE12C5009183E4 /* Project object */;
}
